# THIS IS AN AUTOGENERATED FILE. DO NOT EDIT THIS FILE DIRECTLY.
# yarn lockfile v1


quasar@^2.7.4:
  version "2.7.4"
  resolved "https://registry.yarnpkg.com/quasar/-/quasar-2.7.4.tgz#f2422dc4de7c1990dc46a0a75a0148734ea933aa"
  integrity sha512-8OIa6azm7N6QUPjcZ5AhDCEBha5NnNqt+D1BMIteqaSqkVKFYBf+FMhUCC8R/Tc6Myz85vK7KGPn9tvaC6gXYQ==
